
Microsoft Visual Studio Solution File, Format Version 12.00
# Visual Studio Version 17
VisualStudioVersion = 17.2.32630.192
MinimumVisualStudioVersion = 10.0.40219.1
Project("{9A19103F-16F7-4668-BE54-9A1E7A4F7556}") = "Tests", "Tests\Tests.csproj", "{99BC108E-4F10-4054-BD06-D6A619ECD466}"
EndProject
Project("{9A19103F-16F7-4668-BE54-9A1E7A4F7556}") = "Infra", "Infrastructure\Infra.csproj", "{9A90020E-BA70-440E-885E-A2A76EBA3DFA}"
EndProject
Global
	GlobalSection(SolutionConfigurationPlatforms) = preSolution
		Debug|Any CPU = Debug|Any CPU
		Release|Any CPU = Release|Any CPU
	EndGlobalSection
	GlobalSection(ProjectConfigurationPlatforms) = postSolution
		{99BC108E-4F10-4054-BD06-D6A619ECD466}.Debug|Any CPU.ActiveCfg = Debug|Any CPU
		{99BC108E-4F10-4054-BD06-D6A619ECD466}.Debug|Any CPU.Build.0 = Debug|Any CPU
		{99BC108E-4F10-4054-BD06-D6A619ECD466}.Release|Any CPU.ActiveCfg = Release|Any CPU
		{99BC108E-4F10-4054-BD06-D6A619ECD466}.Release|Any CPU.Build.0 = Release|Any CPU
		{9A90020E-BA70-440E-885E-A2A76EBA3DFA}.Debug|Any CPU.ActiveCfg = Debug|Any CPU
		{9A90020E-BA70-440E-885E-A2A76EBA3DFA}.Debug|Any CPU.Build.0 = Debug|Any CPU
		{9A90020E-BA70-440E-885E-A2A76EBA3DFA}.Release|Any CPU.ActiveCfg = Release|Any CPU
		{9A90020E-BA70-440E-885E-A2A76EBA3DFA}.Release|Any CPU.Build.0 = Release|Any CPU
	EndGlobalSection
	GlobalSection(SolutionProperties) = preSolution
		HideSolutionNode = FALSE
	EndGlobalSection
	GlobalSection(ExtensibilityGlobals) = postSolution
		SolutionGuid = {F5B0E57C-0CB8-41BC-A2C2-9E0FE588DC64}
	EndGlobalSection
EndGlobal
